
Microsoft Visual Studio Solution File, Format Version 12.00
# Visual Studio 15
VisualStudioVersion = 15.0.26403.3
MinimumVisualStudioVersion = 10.0.40219.1
Project("{FAE04EC0-301F-11D3-BF4B-00C04F79EFBC}") = "AD.TariffSets", "AD.TariffSets\AD.TariffSets.csproj", "{845512BD-CA1F-4D9E-8789-AB441761C8BC}"
EndProject
Project("{FAE04EC0-301F-11D3-BF4B-00C04F79EFBC}") = "TariffSetConsole", "TariffSetConsole\TariffSetConsole.csproj", "{6694FC6E-0103-4EF7-B0BE-B5940FBA5741}"
EndProject
Global
	GlobalSection(SolutionConfigurationPlatforms) = preSolution
		Debug|Any CPU = Debug|Any CPU
		Release|Any CPU = Release|Any CPU
	EndGlobalSection
	GlobalSection(ProjectConfigurationPlatforms) = postSolution
		{845512BD-CA1F-4D9E-8789-AB441761C8BC}.Debug|Any CPU.ActiveCfg = Debug|Any CPU
		{845512BD-CA1F-4D9E-8789-AB441761C8BC}.Debug|Any CPU.Build.0 = Debug|Any CPU
		{845512BD-CA1F-4D9E-8789-AB441761C8BC}.Release|Any CPU.ActiveCfg = Release|Any CPU
		{845512BD-CA1F-4D9E-8789-AB441761C8BC}.Release|Any CPU.Build.0 = Release|Any CPU
		{6694FC6E-0103-4EF7-B0BE-B5940FBA5741}.Debug|Any CPU.ActiveCfg = Debug|Any CPU
		{6694FC6E-0103-4EF7-B0BE-B5940FBA5741}.Debug|Any CPU.Build.0 = Debug|Any CPU
		{6694FC6E-0103-4EF7-B0BE-B5940FBA5741}.Release|Any CPU.ActiveCfg = Release|Any CPU
		{6694FC6E-0103-4EF7-B0BE-B5940FBA5741}.Release|Any CPU.Build.0 = Release|Any CPU
	EndGlobalSection
	GlobalSection(SolutionProperties) = preSolution
		HideSolutionNode = FALSE
	EndGlobalSection
EndGlobal
